
Microsoft Visual Studio Solution File, Format Version 12.00
# Visual Studio Version 17
VisualStudioVersion = 17.6.33829.357
MinimumVisualStudioVersion = 10.0.40219.1
Project("{9A19103F-16F7-4668-BE54-9A1E7A4F7556}") = "Lab3_Lab4", "Lab3\Lab3_Lab4.csproj", "{CC0E1FBB-D75E-4CDE-AF22-F255785701B8}"
EndProject
Project("{9A19103F-16F7-4668-BE54-9A1E7A4F7556}") = "Data", "Data\Data.csproj", "{F6DCB7CB-C19D-4D11-AB64-988FF5932316}"
EndProject
Project("{9A19103F-16F7-4668-BE54-9A1E7A4F7556}") = "MatchService", "MatchService\MatchService.csproj", "{C4E76557-694F-4253-B6EF-2B46E1BEAB6A}"
EndProject
Project("{9A19103F-16F7-4668-BE54-9A1E7A4F7556}") = "PlayerService", "PlayerService\PlayerService.csproj", "{F873D719-56E9-459C-AA9B-F5E587415BF6}"
EndProject
Global
	GlobalSection(SolutionConfigurationPlatforms) = preSolution
		Debug|Any CPU = Debug|Any CPU
		Release|Any CPU = Release|Any CPU
	EndGlobalSection
	GlobalSection(ProjectConfigurationPlatforms) = postSolution
		{CC0E1FBB-D75E-4CDE-AF22-F255785701B8}.Debug|Any CPU.ActiveCfg = Debug|Any CPU
		{CC0E1FBB-D75E-4CDE-AF22-F255785701B8}.Debug|Any CPU.Build.0 = Debug|Any CPU
		{CC0E1FBB-D75E-4CDE-AF22-F255785701B8}.Release|Any CPU.ActiveCfg = Release|Any CPU
		{CC0E1FBB-D75E-4CDE-AF22-F255785701B8}.Release|Any CPU.Build.0 = Release|Any CPU
		{F6DCB7CB-C19D-4D11-AB64-988FF5932316}.Debug|Any CPU.ActiveCfg = Debug|Any CPU
		{F6DCB7CB-C19D-4D11-AB64-988FF5932316}.Debug|Any CPU.Build.0 = Debug|Any CPU
		{F6DCB7CB-C19D-4D11-AB64-988FF5932316}.Release|Any CPU.ActiveCfg = Release|Any CPU
		{F6DCB7CB-C19D-4D11-AB64-988FF5932316}.Release|Any CPU.Build.0 = Release|Any CPU
		{C4E76557-694F-4253-B6EF-2B46E1BEAB6A}.Debug|Any CPU.ActiveCfg = Debug|Any CPU
		{C4E76557-694F-4253-B6EF-2B46E1BEAB6A}.Debug|Any CPU.Build.0 = Debug|Any CPU
		{C4E76557-694F-4253-B6EF-2B46E1BEAB6A}.Release|Any CPU.ActiveCfg = Release|Any CPU
		{C4E76557-694F-4253-B6EF-2B46E1BEAB6A}.Release|Any CPU.Build.0 = Release|Any CPU
		{F873D719-56E9-459C-AA9B-F5E587415BF6}.Debug|Any CPU.ActiveCfg = Debug|Any CPU
		{F873D719-56E9-459C-AA9B-F5E587415BF6}.Debug|Any CPU.Build.0 = Debug|Any CPU
		{F873D719-56E9-459C-AA9B-F5E587415BF6}.Release|Any CPU.ActiveCfg = Release|Any CPU
		{F873D719-56E9-459C-AA9B-F5E587415BF6}.Release|Any CPU.Build.0 = Release|Any CPU
	EndGlobalSection
	GlobalSection(SolutionProperties) = preSolution
		HideSolutionNode = FALSE
	EndGlobalSection
	GlobalSection(ExtensibilityGlobals) = postSolution
		SolutionGuid = {88F8EC42-4992-412B-8FBB-29750CFA4909}
	EndGlobalSection
EndGlobal
